// !$*UTF8*$!
{
	archiveVersion = 1;
	classes = {
	};
	objectVersion = 60;
	objects = {

/* Begin PBXBuildFile section */
		011E60992C52ECD400AA92A1 /* CalculatorAPPApp.swift in Sources */ = {isa = PBXBuildFile; fileRef = 011E60982C52ECD400AA92A1 /* CalculatorAPPApp.swift */; };
		011E609B2C52ECD400AA92A1 /* ContentView.swift in Sources */ = {isa = PBXBuildFile; fileRef = 011E609A2C52ECD400AA92A1 /* ContentView.swift */; };
		011E609D2C52ECD600AA92A1 /* Assets.xcassets in Resources */ = {isa = PBXBuildFile; fileRef = 011E609C2C52ECD600AA92A1 /* Assets.xcassets */; };
		011E60A02C52ECD600AA92A1 /* Preview Assets.xcassets in Resources */ = {isa = PBXBuildFile; fileRef = 011E609F2C52ECD600AA92A1 /* Preview Assets.xcassets */; };
		011E60AA2C52ECD700AA92A1 /* CalculatorAPPTests.swift in Sources */ = {isa = PBXBuildFile; fileRef = 011E60A92C52ECD700AA92A1 /* CalculatorAPPTests.swift */; };
		011E60B42C52ECD700AA92A1 /* CalculatorAPPUITests.swift in Sources */ = {isa = PBXBuildFile; fileRef = 011E60B32C52ECD700AA92A1 /* CalculatorAPPUITests.swift */; };
		011E60B62C52ECD700AA92A1 /* CalculatorAPPUITestsLaunchTests.swift in Sources */ = {isa = PBXBuildFile; fileRef = 011E60B52C52ECD700AA92A1 /* CalculatorAPPUITestsLaunchTests.swift */; };
		011E60D32C52EF8C00AA92A1 /* DesignSystem in Frameworks */ = {isa = PBXBuildFile; productRef = 011E60D22C52EF8C00AA92A1 /* DesignSystem */; };
		011E60D62C52EFA000AA92A1 /* UIComponents in Frameworks */ = {isa = PBXBuildFile; productRef = 011E60D52C52EFA000AA92A1 /* UIComponents */; };
		011E60DB2C52F51000AA92A1 /* Calculator in Frameworks */ = {isa = PBXBuildFile; productRef = 011E60DA2C52F51000AA92A1 /* Calculator */; };
		5D98BB3E2C93D01B00CA2F97 /* EPCleanGenericViewWrapper.swift in Sources */ = {isa = PBXBuildFile; fileRef = 5D98BB372C93D01B00CA2F97 /* EPCleanGenericViewWrapper.swift */; };
		5D98BB3F2C93D01B00CA2F97 /* MockViewModel.swift in Sources */ = {isa = PBXBuildFile; fileRef = 5D98BB392C93D01B00CA2F97 /* MockViewModel.swift */; };
		5D98BB402C93D01B00CA2F97 /* viewTest.swift in Sources */ = {isa = PBXBuildFile; fileRef = 5D98BB3B2C93D01B00CA2F97 /* viewTest.swift */; };
		5D98BB432C93D03700CA2F97 /* SnapKit in Frameworks */ = {isa = PBXBuildFile; productRef = 5D98BB422C93D03700CA2F97 /* SnapKit */; };
		5D98BB452C93D03700CA2F97 /* SnapKit-Dynamic in Frameworks */ = {isa = PBXBuildFile; productRef = 5D98BB442C93D03700CA2F97 /* SnapKit-Dynamic */; };
		5D98BB472C93D0E400CA2F97 /* EPCleanGenericViewController.swift in Sources */ = {isa = PBXBuildFile; fileRef = 5D98BB462C93D0E400CA2F97 /* EPCleanGenericViewController.swift */; };
		7218A477A34B54F6D59435B7 /* Pods_CalculatorAPPTests.framework in Frameworks */ = {isa = PBXBuildFile; fileRef = 124D4A3B47B9EF27B47BB807 /* Pods_CalculatorAPPTests.framework */; };
		A9519FE9DEED54C96E1CD1C6 /* Pods_CalculatorAPP_CalculatorAPPUITests.framework in Frameworks */ = {isa = PBXBuildFile; fileRef = 7ACFFFFD6BA88E40F1CFB1AD /* Pods_CalculatorAPP_CalculatorAPPUITests.framework */; };
		B8B43F8D394A6A803527B3B1 /* Pods_CalculatorAPP.framework in Frameworks */ = {isa = PBXBuildFile; fileRef = BB8C7DFFB7D1F4EF06D2BC95 /* Pods_CalculatorAPP.framework */; };
/* End PBXBuildFile section */

/* Begin PBXContainerItemProxy section */
		011E60A62C52ECD700AA92A1 /* PBXContainerItemProxy */ = {
			isa = PBXContainerItemProxy;
			containerPortal = 011E608D2C52ECD400AA92A1 /* Project object */;
			proxyType = 1;
			remoteGlobalIDString = 011E60942C52ECD400AA92A1;
			remoteInfo = CalculatorAPP;
		};
		011E60B02C52ECD700AA92A1 /* PBXContainerItemProxy */ = {
			isa = PBXContainerItemProxy;
			containerPortal = 011E608D2C52ECD400AA92A1 /* Project object */;
			proxyType = 1;
			remoteGlobalIDString = 011E60942C52ECD400AA92A1;
			remoteInfo = CalculatorAPP;
		};
/* End PBXContainerItemProxy section */

/* Begin PBXFileReference section */
		011E60952C52ECD400AA92A1 /* CalculatorAPP.app */ = {isa = PBXFileReference; explicitFileType = wrapper.application; includeInIndex = 0; path = CalculatorAPP.app; sourceTree = BUILT_PRODUCTS_DIR; };
		011E60982C52ECD400AA92A1 /* CalculatorAPPApp.swift */ = {isa = PBXFileReference; lastKnownFileType = sourcecode.swift; path = CalculatorAPPApp.swift; sourceTree = "<group>"; };
		011E609A2C52ECD400AA92A1 /* ContentView.swift */ = {isa = PBXFileReference; lastKnownFileType = sourcecode.swift; path = ContentView.swift; sourceTree = "<group>"; };
		011E609C2C52ECD600AA92A1 /* Assets.xcassets */ = {isa = PBXFileReference; lastKnownFileType = folder.assetcatalog; path = Assets.xcassets; sourceTree = "<group>"; };
		011E609F2C52ECD600AA92A1 /* Preview Assets.xcassets */ = {isa = PBXFileReference; lastKnownFileType = folder.assetcatalog; path = "Preview Assets.xcassets"; sourceTree = "<group>"; };
		011E60A52C52ECD700AA92A1 /* CalculatorAPPTests.xctest */ = {isa = PBXFileReference; explicitFileType = wrapper.cfbundle; includeInIndex = 0; path = CalculatorAPPTests.xctest; sourceTree = BUILT_PRODUCTS_DIR; };
		011E60A92C52ECD700AA92A1 /* CalculatorAPPTests.swift */ = {isa = PBXFileReference; lastKnownFileType = sourcecode.swift; path = CalculatorAPPTests.swift; sourceTree = "<group>"; };
		011E60AF2C52ECD700AA92A1 /* CalculatorAPPUITests.xctest */ = {isa = PBXFileReference; explicitFileType = wrapper.cfbundle; includeInIndex = 0; path = CalculatorAPPUITests.xctest; sourceTree = BUILT_PRODUCTS_DIR; };
		011E60B32C52ECD700AA92A1 /* CalculatorAPPUITests.swift */ = {isa = PBXFileReference; lastKnownFileType = sourcecode.swift; path = CalculatorAPPUITests.swift; sourceTree = "<group>"; };
		011E60B52C52ECD700AA92A1 /* CalculatorAPPUITestsLaunchTests.swift */ = {isa = PBXFileReference; lastKnownFileType = sourcecode.swift; path = CalculatorAPPUITestsLaunchTests.swift; sourceTree = "<group>"; };
		124D4A3B47B9EF27B47BB807 /* Pods_CalculatorAPPTests.framework */ = {isa = PBXFileReference; explicitFileType = wrapper.framework; includeInIndex = 0; path = Pods_CalculatorAPPTests.framework; sourceTree = BUILT_PRODUCTS_DIR; };
		1722AA5A4620DD2D41B816F5 /* Pods-CalculatorAPPTests.release.xcconfig */ = {isa = PBXFileReference; includeInIndex = 1; lastKnownFileType = text.xcconfig; name = "Pods-CalculatorAPPTests.release.xcconfig"; path = "Target Support Files/Pods-CalculatorAPPTests/Pods-CalculatorAPPTests.release.xcconfig"; sourceTree = "<group>"; };
		45E3AF5A7CF3B7B0714EC956 /* Pods-CalculatorAPP-CalculatorAPPUITests.debug.xcconfig */ = {isa = PBXFileReference; includeInIndex = 1; lastKnownFileType = text.xcconfig; name = "Pods-CalculatorAPP-CalculatorAPPUITests.debug.xcconfig"; path = "Target Support Files/Pods-CalculatorAPP-CalculatorAPPUITests/Pods-CalculatorAPP-CalculatorAPPUITests.debug.xcconfig"; sourceTree = "<group>"; };
		48F50324C8D7077D160136A0 /* Pods-CalculatorAPP.release.xcconfig */ = {isa = PBXFileReference; includeInIndex = 1; lastKnownFileType = text.xcconfig; name = "Pods-CalculatorAPP.release.xcconfig"; path = "Target Support Files/Pods-CalculatorAPP/Pods-CalculatorAPP.release.xcconfig"; sourceTree = "<group>"; };
		5D98BB372C93D01B00CA2F97 /* EPCleanGenericViewWrapper.swift */ = {isa = PBXFileReference; fileEncoding = 4; lastKnownFileType = sourcecode.swift; path = EPCleanGenericViewWrapper.swift; sourceTree = "<group>"; };
		5D98BB392C93D01B00CA2F97 /* MockViewModel.swift */ = {isa = PBXFileReference; fileEncoding = 4; lastKnownFileType = sourcecode.swift; path = MockViewModel.swift; sourceTree = "<group>"; };
		5D98BB3B2C93D01B00CA2F97 /* viewTest.swift */ = {isa = PBXFileReference; fileEncoding = 4; lastKnownFileType = sourcecode.swift; path = viewTest.swift; sourceTree = "<group>"; };
		5D98BB462C93D0E400CA2F97 /* EPCleanGenericViewController.swift */ = {isa = PBXFileReference; lastKnownFileType = sourcecode.swift; path = EPCleanGenericViewController.swift; sourceTree = "<group>"; };
		7ACFFFFD6BA88E40F1CFB1AD /* Pods_CalculatorAPP_CalculatorAPPUITests.framework */ = {isa = PBXFileReference; explicitFileType = wrapper.framework; includeInIndex = 0; path = Pods_CalculatorAPP_CalculatorAPPUITests.framework; sourceTree = BUILT_PRODUCTS_DIR; };
		838DE0325D8545A79ADB5399 /* Pods-CalculatorAPPTests.debug.xcconfig */ = {isa = PBXFileReference; includeInIndex = 1; lastKnownFileType = text.xcconfig; name = "Pods-CalculatorAPPTests.debug.xcconfig"; path = "Target Support Files/Pods-CalculatorAPPTests/Pods-CalculatorAPPTests.debug.xcconfig"; sourceTree = "<group>"; };
		8B39BEC1E2264522E7C12329 /* Pods-CalculatorAPP-CalculatorAPPUITests.release.xcconfig */ = {isa = PBXFileReference; includeInIndex = 1; lastKnownFileType = text.xcconfig; name = "Pods-CalculatorAPP-CalculatorAPPUITests.release.xcconfig"; path = "Target Support Files/Pods-CalculatorAPP-CalculatorAPPUITests/Pods-CalculatorAPP-CalculatorAPPUITests.release.xcconfig"; sourceTree = "<group>"; };
		BB8C7DFFB7D1F4EF06D2BC95 /* Pods_CalculatorAPP.framework */ = {isa = PBXFileReference; explicitFileType = wrapper.framework; includeInIndex = 0; path = Pods_CalculatorAPP.framework; sourceTree = BUILT_PRODUCTS_DIR; };
		D41540D31A3FFD587F5DF73E /* Pods-CalculatorAPP.debug.xcconfig */ = {isa = PBXFileReference; includeInIndex = 1; lastKnownFileType = text.xcconfig; name = "Pods-CalculatorAPP.debug.xcconfig"; path = "Target Support Files/Pods-CalculatorAPP/Pods-CalculatorAPP.debug.xcconfig"; sourceTree = "<group>"; };
/* End PBXFileReference section */

/* Begin PBXFrameworksBuildPhase section */
		011E60922C52ECD400AA92A1 /* Frameworks */ = {
			isa = PBXFrameworksBuildPhase;
			buildActionMask = 2147483647;
			files = (
				011E60DB2C52F51000AA92A1 /* Calculator in Frameworks */,
				011E60D62C52EFA000AA92A1 /* UIComponents in Frameworks */,
				011E60D32C52EF8C00AA92A1 /* DesignSystem in Frameworks */,
				B8B43F8D394A6A803527B3B1 /* Pods_CalculatorAPP.framework in Frameworks */,
				5D98BB432C93D03700CA2F97 /* SnapKit in Frameworks */,
				5D98BB452C93D03700CA2F97 /* SnapKit-Dynamic in Frameworks */,
			);
			runOnlyForDeploymentPostprocessing = 0;
		};
		011E60A22C52ECD700AA92A1 /* Frameworks */ = {
			isa = PBXFrameworksBuildPhase;
			buildActionMask = 2147483647;
			files = (
				7218A477A34B54F6D59435B7 /* Pods_CalculatorAPPTests.framework in Frameworks */,
			);
			runOnlyForDeploymentPostprocessing = 0;
		};
		011E60AC2C52ECD700AA92A1 /* Frameworks */ = {
			isa = PBXFrameworksBuildPhase;
			buildActionMask = 2147483647;
			files = (
				A9519FE9DEED54C96E1CD1C6 /* Pods_CalculatorAPP_CalculatorAPPUITests.framework in Frameworks */,
			);
			runOnlyForDeploymentPostprocessing = 0;
		};
/* End PBXFrameworksBuildPhase section */

/* Begin PBXGroup section */
		011E608C2C52ECD400AA92A1 = {
			isa = PBXGroup;
			children = (
				011E60972C52ECD400AA92A1 /* CalculatorAPP */,
				011E60A82C52ECD700AA92A1 /* CalculatorAPPTests */,
				011E60B22C52ECD700AA92A1 /* CalculatorAPPUITests */,
				011E60962C52ECD400AA92A1 /* Products */,
				4E27E208E4CB1A51F5052209 /* Pods */,
				867DECEC9B471158BE1ABE78 /* Frameworks */,
			);
			sourceTree = "<group>";
		};
		011E60962C52ECD400AA92A1 /* Products */ = {
			isa = PBXGroup;
			children = (
				011E60952C52ECD400AA92A1 /* CalculatorAPP.app */,
				011E60A52C52ECD700AA92A1 /* CalculatorAPPTests.xctest */,
				011E60AF2C52ECD700AA92A1 /* CalculatorAPPUITests.xctest */,
			);
			name = Products;
			sourceTree = "<group>";
		};
		011E60972C52ECD400AA92A1 /* CalculatorAPP */ = {
			isa = PBXGroup;
			children = (
				011E60C22C52EE1A00AA92A1 /* Feature */,
				011E60982C52ECD400AA92A1 /* CalculatorAPPApp.swift */,
				011E609C2C52ECD600AA92A1 /* Assets.xcassets */,
				011E609E2C52ECD600AA92A1 /* Preview Content */,
			);
			path = CalculatorAPP;
			sourceTree = "<group>";
		};
		011E609E2C52ECD600AA92A1 /* Preview Content */ = {
			isa = PBXGroup;
			children = (
				011E609F2C52ECD600AA92A1 /* Preview Assets.xcassets */,
			);
			path = "Preview Content";
			sourceTree = "<group>";
		};
		011E60A82C52ECD700AA92A1 /* CalculatorAPPTests */ = {
			isa = PBXGroup;
			children = (
				011E60A92C52ECD700AA92A1 /* CalculatorAPPTests.swift */,
			);
			path = CalculatorAPPTests;
			sourceTree = "<group>";
		};
		011E60B22C52ECD700AA92A1 /* CalculatorAPPUITests */ = {
			isa = PBXGroup;
			children = (
				011E60B32C52ECD700AA92A1 /* CalculatorAPPUITests.swift */,
				011E60B52C52ECD700AA92A1 /* CalculatorAPPUITestsLaunchTests.swift */,
			);
			path = CalculatorAPPUITests;
			sourceTree = "<group>";
		};
		011E60C22C52EE1A00AA92A1 /* Feature */ = {
			isa = PBXGroup;
			children = (
				5D98BB3D2C93D01B00CA2F97 /* Test */,
				011E60C32C52EE2D00AA92A1 /* Main */,
			);
			path = Feature;
			sourceTree = "<group>";
		};
		011E60C32C52EE2D00AA92A1 /* Main */ = {
			isa = PBXGroup;
			children = (
				011E609A2C52ECD400AA92A1 /* ContentView.swift */,
			);
			path = Main;
			sourceTree = "<group>";
		};
		4E27E208E4CB1A51F5052209 /* Pods */ = {
			isa = PBXGroup;
			children = (
				D41540D31A3FFD587F5DF73E /* Pods-CalculatorAPP.debug.xcconfig */,
				48F50324C8D7077D160136A0 /* Pods-CalculatorAPP.release.xcconfig */,
				45E3AF5A7CF3B7B0714EC956 /* Pods-CalculatorAPP-CalculatorAPPUITests.debug.xcconfig */,
				8B39BEC1E2264522E7C12329 /* Pods-CalculatorAPP-CalculatorAPPUITests.release.xcconfig */,
				838DE0325D8545A79ADB5399 /* Pods-CalculatorAPPTests.debug.xcconfig */,
				1722AA5A4620DD2D41B816F5 /* Pods-CalculatorAPPTests.release.xcconfig */,
			);
			path = Pods;
			sourceTree = "<group>";
		};
		5D98BB382C93D01B00CA2F97 /* Controllers */ = {
			isa = PBXGroup;
			children = (
				5D98BB372C93D01B00CA2F97 /* EPCleanGenericViewWrapper.swift */,
				5D98BB462C93D0E400CA2F97 /* EPCleanGenericViewController.swift */,
			);
			path = Controllers;
			sourceTree = "<group>";
		};
		5D98BB3A2C93D01B00CA2F97 /* Models */ = {
			isa = PBXGroup;
			children = (
				5D98BB392C93D01B00CA2F97 /* MockViewModel.swift */,
			);
			path = Models;
			sourceTree = "<group>";
		};
		5D98BB3C2C93D01B00CA2F97 /* view */ = {
			isa = PBXGroup;
			children = (
				5D98BB3B2C93D01B00CA2F97 /* viewTest.swift */,
			);
			path = view;
			sourceTree = "<group>";
		};
		5D98BB3D2C93D01B00CA2F97 /* Test */ = {
			isa = PBXGroup;
			children = (
				5D98BB382C93D01B00CA2F97 /* Controllers */,
				5D98BB3A2C93D01B00CA2F97 /* Models */,
				5D98BB3C2C93D01B00CA2F97 /* view */,
			);
			path = Test;
			sourceTree = "<group>";
		};
		867DECEC9B471158BE1ABE78 /* Frameworks */ = {
			isa = PBXGroup;
			children = (
				BB8C7DFFB7D1F4EF06D2BC95 /* Pods_CalculatorAPP.framework */,
				7ACFFFFD6BA88E40F1CFB1AD /* Pods_CalculatorAPP_CalculatorAPPUITests.framework */,
				124D4A3B47B9EF27B47BB807 /* Pods_CalculatorAPPTests.framework */,
			);
			name = Frameworks;
			sourceTree = "<group>";
		};
/* End PBXGroup section */

/* Begin PBXNativeTarget section */
		011E60942C52ECD400AA92A1 /* CalculatorAPP */ = {
			isa = PBXNativeTarget;
			buildConfigurationList = 011E60B92C52ECD700AA92A1 /* Build configuration list for PBXNativeTarget "CalculatorAPP" */;
			buildPhases = (
				5314DCB3A1FD8832AF69B65C /* [CP] Check Pods Manifest.lock */,
				011E60912C52ECD400AA92A1 /* Sources */,
				011E60922C52ECD400AA92A1 /* Frameworks */,
				011E60932C52ECD400AA92A1 /* Resources */,
			);
			buildRules = (
			);
			dependencies = (
			);
			name = CalculatorAPP;
			packageProductDependencies = (
				011E60D22C52EF8C00AA92A1 /* DesignSystem */,
				011E60D52C52EFA000AA92A1 /* UIComponents */,
				011E60DA2C52F51000AA92A1 /* Calculator */,
				5D98BB422C93D03700CA2F97 /* SnapKit */,
				5D98BB442C93D03700CA2F97 /* SnapKit-Dynamic */,
			);
			productName = CalculatorAPP;
			productReference = 011E60952C52ECD400AA92A1 /* CalculatorAPP.app */;
			productType = "com.apple.product-type.application";
		};
		011E60A42C52ECD700AA92A1 /* CalculatorAPPTests */ = {
			isa = PBXNativeTarget;
			buildConfigurationList = 011E60BC2C52ECD700AA92A1 /* Build configuration list for PBXNativeTarget "CalculatorAPPTests" */;
			buildPhases = (
				C614B03CE09CF41E72F97949 /* [CP] Check Pods Manifest.lock */,
				011E60A12C52ECD700AA92A1 /* Sources */,
				011E60A22C52ECD700AA92A1 /* Frameworks */,
				011E60A32C52ECD700AA92A1 /* Resources */,
			);
			buildRules = (
			);
			dependencies = (
				011E60A72C52ECD700AA92A1 /* PBXTargetDependency */,
			);
			name = CalculatorAPPTests;
			productName = CalculatorAPPTests;
			productReference = 011E60A52C52ECD700AA92A1 /* CalculatorAPPTests.xctest */;
			productType = "com.apple.product-type.bundle.unit-test";
		};
		011E60AE2C52ECD700AA92A1 /* CalculatorAPPUITests */ = {
			isa = PBXNativeTarget;
			buildConfigurationList = 011E60BF2C52ECD700AA92A1 /* Build configuration list for PBXNativeTarget "CalculatorAPPUITests" */;
			buildPhases = (
				D3A03653E5720A480E37D119 /* [CP] Check Pods Manifest.lock */,
				011E60AB2C52ECD700AA92A1 /* Sources */,
				011E60AC2C52ECD700AA92A1 /* Frameworks */,
				011E60AD2C52ECD700AA92A1 /* Resources */,
			);
			buildRules = (
			);
			dependencies = (
				011E60B12C52ECD700AA92A1 /* PBXTargetDependency */,
			);
			name = CalculatorAPPUITests;
			productName = CalculatorAPPUITests;
			productReference = 011E60AF2C52ECD700AA92A1 /* CalculatorAPPUITests.xctest */;
			productType = "com.apple.product-type.bundle.ui-testing";
		};
/* End PBXNativeTarget section */

/* Begin PBXProject section */
		011E608D2C52ECD400AA92A1 /* Project object */ = {
			isa = PBXProject;
			attributes = {
				BuildIndependentTargetsInParallel = 1;
				LastSwiftUpdateCheck = 1530;
				LastUpgradeCheck = 1530;
				TargetAttributes = {
					011E60942C52ECD400AA92A1 = {
						CreatedOnToolsVersion = 15.3;
					};
					011E60A42C52ECD700AA92A1 = {
						CreatedOnToolsVersion = 15.3;
						TestTargetID = 011E60942C52ECD400AA92A1;
					};
					011E60AE2C52ECD700AA92A1 = {
						CreatedOnToolsVersion = 15.3;
						TestTargetID = 011E60942C52ECD400AA92A1;
					};
				};
			};
			buildConfigurationList = 011E60902C52ECD400AA92A1 /* Build configuration list for PBXProject "CalculatorAPP" */;
			compatibilityVersion = "Xcode 14.0";
			developmentRegion = en;
			hasScannedForEncodings = 0;
			knownRegions = (
				en,
				Base,
			);
			mainGroup = 011E608C2C52ECD400AA92A1;
			packageReferences = (
				011E60D92C52F51000AA92A1 /* XCLocalSwiftPackageReference "../Calculator" */,
				5D98BB412C93D03700CA2F97 /* XCRemoteSwiftPackageReference "SnapKit" */,
			);
			productRefGroup = 011E60962C52ECD400AA92A1 /* Products */;
			projectDirPath = "";
			projectRoot = "";
			targets = (
				011E60942C52ECD400AA92A1 /* CalculatorAPP */,
				011E60A42C52ECD700AA92A1 /* CalculatorAPPTests */,
				011E60AE2C52ECD700AA92A1 /* CalculatorAPPUITests */,
			);
		};
/* End PBXProject section */

/* Begin PBXResourcesBuildPhase section */
		011E60932C52ECD400AA92A1 /* Resources */ = {
			isa = PBXResourcesBuildPhase;
			buildActionMask = 2147483647;
			files = (
				011E60A02C52ECD600AA92A1 /* Preview Assets.xcassets in Resources */,
				011E609D2C52ECD600AA92A1 /* Assets.xcassets in Resources */,
			);
			runOnlyForDeploymentPostprocessing = 0;
		};
		011E60A32C52ECD700AA92A1 /* Resources */ = {
			isa = PBXResourcesBuildPhase;
			buildActionMask = 2147483647;
			files = (
			);
			runOnlyForDeploymentPostprocessing = 0;
		};
		011E60AD2C52ECD700AA92A1 /* Resources */ = {
			isa = PBXResourcesBuildPhase;
			buildActionMask = 2147483647;
			files = (
			);
			runOnlyForDeploymentPostprocessing = 0;
		};
/* End PBXResourcesBuildPhase section */

/* Begin PBXShellScriptBuildPhase section */
		5314DCB3A1FD8832AF69B65C /* [CP] Check Pods Manifest.lock */ = {
			isa = PBXShellScriptBuildPhase;
			buildActionMask = 2147483647;
			files = (
			);
			inputFileListPaths = (
			);
			inputPaths = (
				"${PODS_PODFILE_DIR_PATH}/Podfile.lock",
				"${PODS_ROOT}/Manifest.lock",
			);
			name = "[CP] Check Pods Manifest.lock";
			outputFileListPaths = (
			);
			outputPaths = (
				"$(DERIVED_FILE_DIR)/Pods-CalculatorAPP-checkManifestLockResult.txt",
			);
			runOnlyForDeploymentPostprocessing = 0;
			shellPath = /bin/sh;
			shellScript = "diff \"${PODS_PODFILE_DIR_PATH}/Podfile.lock\" \"${PODS_ROOT}/Manifest.lock\" > /dev/null\nif [ $? != 0 ] ; then\n    # print error to STDERR\n    echo \"error: The sandbox is not in sync with the Podfile.lock. Run 'pod install' or update your CocoaPods installation.\" >&2\n    exit 1\nfi\n# This output is used by Xcode 'outputs' to avoid re-running this script phase.\necho \"SUCCESS\" > \"${SCRIPT_OUTPUT_FILE_0}\"\n";
			showEnvVarsInLog = 0;
		};
		C614B03CE09CF41E72F97949 /* [CP] Check Pods Manifest.lock */ = {
			isa = PBXShellScriptBuildPhase;
			buildActionMask = 2147483647;
			files = (
			);
			inputFileListPaths = (
			);
			inputPaths = (
				"${PODS_PODFILE_DIR_PATH}/Podfile.lock",
				"${PODS_ROOT}/Manifest.lock",
			);
			name = "[CP] Check Pods Manifest.lock";
			outputFileListPaths = (
			);
			outputPaths = (
				"$(DERIVED_FILE_DIR)/Pods-CalculatorAPPTests-checkManifestLockResult.txt",
			);
			runOnlyForDeploymentPostprocessing = 0;
			shellPath = /bin/sh;
			shellScript = "diff \"${PODS_PODFILE_DIR_PATH}/Podfile.lock\" \"${PODS_ROOT}/Manifest.lock\" > /dev/null\nif [ $? != 0 ] ; then\n    # print error to STDERR\n    echo \"error: The sandbox is not in sync with the Podfile.lock. Run 'pod install' or update your CocoaPods installation.\" >&2\n    exit 1\nfi\n# This output is used by Xcode 'outputs' to avoid re-running this script phase.\necho \"SUCCESS\" > \"${SCRIPT_OUTPUT_FILE_0}\"\n";
			showEnvVarsInLog = 0;
		};
		D3A03653E5720A480E37D119 /* [CP] Check Pods Manifest.lock */ = {
			isa = PBXShellScriptBuildPhase;
			buildActionMask = 2147483647;
			files = (
			);
			inputFileListPaths = (
			);
			inputPaths = (
				"${PODS_PODFILE_DIR_PATH}/Podfile.lock",
				"${PODS_ROOT}/Manifest.lock",
			);
			name = "[CP] Check Pods Manifest.lock";
			outputFileListPaths = (
			);
			outputPaths = (
				"$(DERIVED_FILE_DIR)/Pods-CalculatorAPP-CalculatorAPPUITests-checkManifestLockResult.txt",
			);
			runOnlyForDeploymentPostprocessing = 0;
			shellPath = /bin/sh;
			shellScript = "diff \"${PODS_PODFILE_DIR_PATH}/Podfile.lock\" \"${PODS_ROOT}/Manifest.lock\" > /dev/null\nif [ $? != 0 ] ; then\n    # print error to STDERR\n    echo \"error: The sandbox is not in sync with the Podfile.lock. Run 'pod install' or update your CocoaPods installation.\" >&2\n    exit 1\nfi\n# This output is used by Xcode 'outputs' to avoid re-running this script phase.\necho \"SUCCESS\" > \"${SCRIPT_OUTPUT_FILE_0}\"\n";
			showEnvVarsInLog = 0;
		};
/* End PBXShellScriptBuildPhase section */

/* Begin PBXSourcesBuildPhase section */
		011E60912C52ECD400AA92A1 /* Sources */ = {
			isa = PBXSourcesBuildPhase;
			buildActionMask = 2147483647;
			files = (
				5D98BB402C93D01B00CA2F97 /* viewTest.swift in Sources */,
				5D98BB472C93D0E400CA2F97 /* EPCleanGenericViewController.swift in Sources */,
				5D98BB3F2C93D01B00CA2F97 /* MockViewModel.swift in Sources */,
				5D98BB3E2C93D01B00CA2F97 /* EPCleanGenericViewWrapper.swift in Sources */,
				011E609B2C52ECD400AA92A1 /* ContentView.swift in Sources */,
				011E60992C52ECD400AA92A1 /* CalculatorAPPApp.swift in Sources */,
			);
			runOnlyForDeploymentPostprocessing = 0;
		};
		011E60A12C52ECD700AA92A1 /* Sources */ = {
			isa = PBXSourcesBuildPhase;
			buildActionMask = 2147483647;
			files = (
				011E60AA2C52ECD700AA92A1 /* CalculatorAPPTests.swift in Sources */,
			);
			runOnlyForDeploymentPostprocessing = 0;
		};
		011E60AB2C52ECD700AA92A1 /* Sources */ = {
			isa = PBXSourcesBuildPhase;
			buildActionMask = 2147483647;
			files = (
				011E60B62C52ECD700AA92A1 /* CalculatorAPPUITestsLaunchTests.swift in Sources */,
				011E60B42C52ECD700AA92A1 /* CalculatorAPPUITests.swift in Sources */,
			);
			runOnlyForDeploymentPostprocessing = 0;
		};
/* End PBXSourcesBuildPhase section */

/* Begin PBXTargetDependency section */
		011E60A72C52ECD700AA92A1 /* PBXTargetDependency */ = {
			isa = PBXTargetDependency;
			target = 011E60942C52ECD400AA92A1 /* CalculatorAPP */;
			targetProxy = 011E60A62C52ECD700AA92A1 /* PBXContainerItemProxy */;
		};
		011E60B12C52ECD700AA92A1 /* PBXTargetDependency */ = {
			isa = PBXTargetDependency;
			target = 011E60942C52ECD400AA92A1 /* CalculatorAPP */;
			targetProxy = 011E60B02C52ECD700AA92A1 /* PBXContainerItemProxy */;
		};
/* End PBXTargetDependency section */

/* Begin XCBuildConfiguration section */
		011E60B72C52ECD700AA92A1 /* Debug */ = {
			isa = XCBuildConfiguration;
			buildSettings = {
				ALWAYS_SEARCH_USER_PATHS = NO;
				ASSETCATALOG_COMPILER_GENERATE_SWIFT_ASSET_SYMBOL_EXTENSIONS = YES;
				CLANG_ANALYZER_NONNULL = YES;
				CLANG_ANALYZER_NUMBER_OBJECT_CONVERSION = YES_AGGRESSIVE;
				CLANG_CXX_LANGUAGE_STANDARD = "gnu++20";
				CLANG_ENABLE_MODULES = YES;
				CLANG_ENABLE_OBJC_ARC = YES;
				CLANG_ENABLE_OBJC_WEAK = YES;
				CLANG_WARN_BLOCK_CAPTURE_AUTORELEASING = YES;
				CLANG_WARN_BOOL_CONVERSION = YES;
				CLANG_WARN_COMMA = YES;
				CLANG_WARN_CONSTANT_CONVERSION = YES;
				CLANG_WARN_DEPRECATED_OBJC_IMPLEMENTATIONS = YES;
				CLANG_WARN_DIRECT_OBJC_ISA_USAGE = YES_ERROR;
				CLANG_WARN_DOCUMENTATION_COMMENTS = YES;
				CLANG_WARN_EMPTY_BODY = YES;
				CLANG_WARN_ENUM_CONVERSION = YES;
				CLANG_WARN_INFINITE_RECURSION = YES;
				CLANG_WARN_INT_CONVERSION = YES;
				CLANG_WARN_NON_LITERAL_NULL_CONVERSION = YES;
				CLANG_WARN_OBJC_IMPLICIT_RETAIN_SELF = YES;
				CLANG_WARN_OBJC_LITERAL_CONVERSION = YES;
				CLANG_WARN_OBJC_ROOT_CLASS = YES_ERROR;
				CLANG_WARN_QUOTED_INCLUDE_IN_FRAMEWORK_HEADER = YES;
				CLANG_WARN_RANGE_LOOP_ANALYSIS = YES;
				CLANG_WARN_STRICT_PROTOTYPES = YES;
				CLANG_WARN_SUSPICIOUS_MOVE = YES;
				CLANG_WARN_UNGUARDED_AVAILABILITY = YES_AGGRESSIVE;
				CLANG_WARN_UNREACHABLE_CODE = YES;
				CLANG_WARN__DUPLICATE_METHOD_MATCH = YES;
				COPY_PHASE_STRIP = NO;
				DEBUG_INFORMATION_FORMAT = dwarf;
				ENABLE_STRICT_OBJC_MSGSEND = YES;
				ENABLE_TESTABILITY = YES;
				ENABLE_USER_SCRIPT_SANDBOXING = YES;
				GCC_C_LANGUAGE_STANDARD = gnu17;
				GCC_DYNAMIC_NO_PIC = NO;
				GCC_NO_COMMON_BLOCKS = YES;
				GCC_OPTIMIZATION_LEVEL = 0;
				GCC_PREPROCESSOR_DEFINITIONS = (
					"DEBUG=1",
					"$(inherited)",
				);
				GCC_WARN_64_TO_32_BIT_CONVERSION = YES;
				GCC_WARN_ABOUT_RETURN_TYPE = YES_ERROR;
				GCC_WARN_UNDECLARED_SELECTOR = YES;
				GCC_WARN_UNINITIALIZED_AUTOS = YES_AGGRESSIVE;
				GCC_WARN_UNUSED_FUNCTION = YES;
				GCC_WARN_UNUSED_VARIABLE = YES;
				IPHONEOS_DEPLOYMENT_TARGET = 17.4;
				LOCALIZATION_PREFERS_STRING_CATALOGS = YES;
				MTL_ENABLE_DEBUG_INFO = INCLUDE_SOURCE;
				MTL_FAST_MATH = YES;
				ONLY_ACTIVE_ARCH = YES;
				SDKROOT = iphoneos;
				SWIFT_ACTIVE_COMPILATION_CONDITIONS = "DEBUG $(inherited)";
				SWIFT_OPTIMIZATION_LEVEL = "-Onone";
			};
			name = Debug;
		};
		011E60B82C52ECD700AA92A1 /* Release */ = {
			isa = XCBuildConfiguration;
			buildSettings = {
				ALWAYS_SEARCH_USER_PATHS = NO;
				ASSETCATALOG_COMPILER_GENERATE_SWIFT_ASSET_SYMBOL_EXTENSIONS = YES;
				CLANG_ANALYZER_NONNULL = YES;
				CLANG_ANALYZER_NUMBER_OBJECT_CONVERSION = YES_AGGRESSIVE;
				CLANG_CXX_LANGUAGE_STANDARD = "gnu++20";
				CLANG_ENABLE_MODULES = YES;
				CLANG_ENABLE_OBJC_ARC = YES;
				CLANG_ENABLE_OBJC_WEAK = YES;
				CLANG_WARN_BLOCK_CAPTURE_AUTORELEASING = YES;
				CLANG_WARN_BOOL_CONVERSION = YES;
				CLANG_WARN_COMMA = YES;
				CLANG_WARN_CONSTANT_CONVERSION = YES;
				CLANG_WARN_DEPRECATED_OBJC_IMPLEMENTATIONS = YES;
				CLANG_WARN_DIRECT_OBJC_ISA_USAGE = YES_ERROR;
				CLANG_WARN_DOCUMENTATION_COMMENTS = YES;
				CLANG_WARN_EMPTY_BODY = YES;
				CLANG_WARN_ENUM_CONVERSION = YES;
				CLANG_WARN_INFINITE_RECURSION = YES;
				CLANG_WARN_INT_CONVERSION = YES;
				CLANG_WARN_NON_LITERAL_NULL_CONVERSION = YES;
				CLANG_WARN_OBJC_IMPLICIT_RETAIN_SELF = YES;
				CLANG_WARN_OBJC_LITERAL_CONVERSION = YES;
				CLANG_WARN_OBJC_ROOT_CLASS = YES_ERROR;
				CLANG_WARN_QUOTED_INCLUDE_IN_FRAMEWORK_HEADER = YES;
				CLANG_WARN_RANGE_LOOP_ANALYSIS = YES;
				CLANG_WARN_STRICT_PROTOTYPES = YES;
				CLANG_WARN_SUSPICIOUS_MOVE = YES;
				CLANG_WARN_UNGUARDED_AVAILABILITY = YES_AGGRESSIVE;
				CLANG_WARN_UNREACHABLE_CODE = YES;
				CLANG_WARN__DUPLICATE_METHOD_MATCH = YES;
				COPY_PHASE_STRIP = NO;
				DEBUG_INFORMATION_FORMAT = "dwarf-with-dsym";
				ENABLE_NS_ASSERTIONS = NO;
				ENABLE_STRICT_OBJC_MSGSEND = YES;
				ENABLE_USER_SCRIPT_SANDBOXING = YES;
				GCC_C_LANGUAGE_STANDARD = gnu17;
				GCC_NO_COMMON_BLOCKS = YES;
				GCC_WARN_64_TO_32_BIT_CONVERSION = YES;
				GCC_WARN_ABOUT_RETURN_TYPE = YES_ERROR;
				GCC_WARN_UNDECLARED_SELECTOR = YES;
				GCC_WARN_UNINITIALIZED_AUTOS = YES_AGGRESSIVE;
				GCC_WARN_UNUSED_FUNCTION = YES;
				GCC_WARN_UNUSED_VARIABLE = YES;
				IPHONEOS_DEPLOYMENT_TARGET = 17.4;
				LOCALIZATION_PREFERS_STRING_CATALOGS = YES;
				MTL_ENABLE_DEBUG_INFO = NO;
				MTL_FAST_MATH = YES;
				SDKROOT = iphoneos;
				SWIFT_COMPILATION_MODE = wholemodule;
				VALIDATE_PRODUCT = YES;
			};
			name = Release;
		};
		011E60BA2C52ECD700AA92A1 /* Debug */ = {
			isa = XCBuildConfiguration;
			baseConfigurationReference = D41540D31A3FFD587F5DF73E /* Pods-CalculatorAPP.debug.xcconfig */;
			buildSettings = {
				ASSETCATALOG_COMPILER_APPICON_NAME = AppIcon;
				ASSETCATALOG_COMPILER_GLOBAL_ACCENT_COLOR_NAME = AccentColor;
				CODE_SIGN_STYLE = Automatic;
				CURRENT_PROJECT_VERSION = 1;
				DEVELOPMENT_ASSET_PATHS = "\"CalculatorAPP/Preview Content\"";
				ENABLE_PREVIEWS = YES;
				GENERATE_INFOPLIST_FILE = YES;
				INFOPLIST_KEY_UIApplicationSceneManifest_Generation = YES;
				INFOPLIST_KEY_UIApplicationSupportsIndirectInputEvents = YES;
				INFOPLIST_KEY_UILaunchScreen_Generation = YES;
				INFOPLIST_KEY_UISupportedInterfaceOrientations_iPad = "UIInterfaceOrientationPortrait UIInterfaceOrientationPortraitUpsideDown UIInterfaceOrientationLandscapeLeft UIInterfaceOrientationLandscapeRight";
				INFOPLIST_KEY_UISupportedInterfaceOrientations_iPhone = "UIInterfaceOrientationPortrait UIInterfaceOrientationLandscapeLeft UIInterfaceOrientationLandscapeRight";
				IPHONEOS_DEPLOYMENT_TARGET = 15.0;
				LD_RUNPATH_SEARCH_PATHS = (
					"$(inherited)",
					"@executable_path/Frameworks",
				);
				MARKETING_VERSION = 1.0;
				PRODUCT_BUNDLE_IDENTIFIER = br.com.guimagames.CalculatorAPP;
				PRODUCT_NAME = "$(TARGET_NAME)";
				SWIFT_EMIT_LOC_STRINGS = YES;
				SWIFT_VERSION = 5.0;
				TARGETED_DEVICE_FAMILY = "1,2";
			};
			name = Debug;
		};
		011E60BB2C52ECD700AA92A1 /* Release */ = {
			isa = XCBuildConfiguration;
			baseConfigurationReference = 48F50324C8D7077D160136A0 /* Pods-CalculatorAPP.release.xcconfig */;
			buildSettings = {
				ASSETCATALOG_COMPILER_APPICON_NAME = AppIcon;
				ASSETCATALOG_COMPILER_GLOBAL_ACCENT_COLOR_NAME = AccentColor;
				CODE_SIGN_STYLE = Automatic;
				CURRENT_PROJECT_VERSION = 1;
				DEVELOPMENT_ASSET_PATHS = "\"CalculatorAPP/Preview Content\"";
				ENABLE_PREVIEWS = YES;
				GENERATE_INFOPLIST_FILE = YES;
				INFOPLIST_KEY_UIApplicationSceneManifest_Generation = YES;
				INFOPLIST_KEY_UIApplicationSupportsIndirectInputEvents = YES;
				INFOPLIST_KEY_UILaunchScreen_Generation = YES;
				INFOPLIST_KEY_UISupportedInterfaceOrientations_iPad = "UIInterfaceOrientationPortrait UIInterfaceOrientationPortraitUpsideDown UIInterfaceOrientationLandscapeLeft UIInterfaceOrientationLandscapeRight";
				INFOPLIST_KEY_UISupportedInterfaceOrientations_iPhone = "UIInterfaceOrientationPortrait UIInterfaceOrientationLandscapeLeft UIInterfaceOrientationLandscapeRight";
				IPHONEOS_DEPLOYMENT_TARGET = 15.0;
				LD_RUNPATH_SEARCH_PATHS = (
					"$(inherited)",
					"@executable_path/Frameworks",
				);
				MARKETING_VERSION = 1.0;
				PRODUCT_BUNDLE_IDENTIFIER = br.com.guimagames.CalculatorAPP;
				PRODUCT_NAME = "$(TARGET_NAME)";
				SWIFT_EMIT_LOC_STRINGS = YES;
				SWIFT_VERSION = 5.0;
				TARGETED_DEVICE_FAMILY = "1,2";
			};
			name = Release;
		};
		011E60BD2C52ECD700AA92A1 /* Debug */ = {
			isa = XCBuildConfiguration;
			baseConfigurationReference = 838DE0325D8545A79ADB5399 /* Pods-CalculatorAPPTests.debug.xcconfig */;
			buildSettings = {
				ALWAYS_EMBED_SWIFT_STANDARD_LIBRARIES = YES;
				BUNDLE_LOADER = "$(TEST_HOST)";
				CODE_SIGN_STYLE = Automatic;
				CURRENT_PROJECT_VERSION = 1;
				GENERATE_INFOPLIST_FILE = YES;
				IPHONEOS_DEPLOYMENT_TARGET = 17.4;
				MARKETING_VERSION = 1.0;
				PRODUCT_BUNDLE_IDENTIFIER = br.com.guimagames.CalculatorAPPTests;
				PRODUCT_NAME = "$(TARGET_NAME)";
				SWIFT_EMIT_LOC_STRINGS = NO;
				SWIFT_VERSION = 5.0;
				TARGETED_DEVICE_FAMILY = "1,2";
				TEST_HOST = "$(BUILT_PRODUCTS_DIR)/CalculatorAPP.app/$(BUNDLE_EXECUTABLE_FOLDER_PATH)/CalculatorAPP";
			};
			name = Debug;
		};
		011E60BE2C52ECD700AA92A1 /* Release */ = {
			isa = XCBuildConfiguration;
			baseConfigurationReference = 1722AA5A4620DD2D41B816F5 /* Pods-CalculatorAPPTests.release.xcconfig */;
			buildSettings = {
				ALWAYS_EMBED_SWIFT_STANDARD_LIBRARIES = YES;
				BUNDLE_LOADER = "$(TEST_HOST)";
				CODE_SIGN_STYLE = Automatic;
				CURRENT_PROJECT_VERSION = 1;
				GENERATE_INFOPLIST_FILE = YES;
				IPHONEOS_DEPLOYMENT_TARGET = 17.4;
				MARKETING_VERSION = 1.0;
				PRODUCT_BUNDLE_IDENTIFIER = br.com.guimagames.CalculatorAPPTests;
				PRODUCT_NAME = "$(TARGET_NAME)";
				SWIFT_EMIT_LOC_STRINGS = NO;
				SWIFT_VERSION = 5.0;
				TARGETED_DEVICE_FAMILY = "1,2";
				TEST_HOST = "$(BUILT_PRODUCTS_DIR)/CalculatorAPP.app/$(BUNDLE_EXECUTABLE_FOLDER_PATH)/CalculatorAPP";
			};
			name = Release;
		};
		011E60C02C52ECD700AA92A1 /* Debug */ = {
			isa = XCBuildConfiguration;
			baseConfigurationReference = 45E3AF5A7CF3B7B0714EC956 /* Pods-CalculatorAPP-CalculatorAPPUITests.debug.xcconfig */;
			buildSettings = {
				ALWAYS_EMBED_SWIFT_STANDARD_LIBRARIES = YES;
				CODE_SIGN_STYLE = Automatic;
				CURRENT_PROJECT_VERSION = 1;
				GENERATE_INFOPLIST_FILE = YES;
				MARKETING_VERSION = 1.0;
				PRODUCT_BUNDLE_IDENTIFIER = br.com.guimagames.CalculatorAPPUITests;
				PRODUCT_NAME = "$(TARGET_NAME)";
				SWIFT_EMIT_LOC_STRINGS = NO;
				SWIFT_VERSION = 5.0;
				TARGETED_DEVICE_FAMILY = "1,2";
				TEST_TARGET_NAME = CalculatorAPP;
			};
			name = Debug;
		};
		011E60C12C52ECD700AA92A1 /* Release */ = {
			isa = XCBuildConfiguration;
			baseConfigurationReference = 8B39BEC1E2264522E7C12329 /* Pods-CalculatorAPP-CalculatorAPPUITests.release.xcconfig */;
			buildSettings = {
				ALWAYS_EMBED_SWIFT_STANDARD_LIBRARIES = YES;
				CODE_SIGN_STYLE = Automatic;
				CURRENT_PROJECT_VERSION = 1;
				GENERATE_INFOPLIST_FILE = YES;
				MARKETING_VERSION = 1.0;
				PRODUCT_BUNDLE_IDENTIFIER = br.com.guimagames.CalculatorAPPUITests;
				PRODUCT_NAME = "$(TARGET_NAME)";
				SWIFT_EMIT_LOC_STRINGS = NO;
				SWIFT_VERSION = 5.0;
				TARGETED_DEVICE_FAMILY = "1,2";
				TEST_TARGET_NAME = CalculatorAPP;
			};
			name = Release;
		};
/* End XCBuildConfiguration section */

/* Begin XCConfigurationList section */
		011E60902C52ECD400AA92A1 /* Build configuration list for PBXProject "CalculatorAPP" */ = {
			isa = XCConfigurationList;
			buildConfigurations = (
				011E60B72C52ECD700AA92A1 /* Debug */,
				011E60B82C52ECD700AA92A1 /* Release */,
			);
			defaultConfigurationIsVisible = 0;
			defaultConfigurationName = Release;
		};
		011E60B92C52ECD700AA92A1 /* Build configuration list for PBXNativeTarget "CalculatorAPP" */ = {
			isa = XCConfigurationList;
			buildConfigurations = (
				011E60BA2C52ECD700AA92A1 /* Debug */,
				011E60BB2C52ECD700AA92A1 /* Release */,
			);
			defaultConfigurationIsVisible = 0;
			defaultConfigurationName = Release;
		};
		011E60BC2C52ECD700AA92A1 /* Build configuration list for PBXNativeTarget "CalculatorAPPTests" */ = {
			isa = XCConfigurationList;
			buildConfigurations = (
				011E60BD2C52ECD700AA92A1 /* Debug */,
				011E60BE2C52ECD700AA92A1 /* Release */,
			);
			defaultConfigurationIsVisible = 0;
			defaultConfigurationName = Release;
		};
		011E60BF2C52ECD700AA92A1 /* Build configuration list for PBXNativeTarget "CalculatorAPPUITests" */ = {
			isa = XCConfigurationList;
			buildConfigurations = (
				011E60C02C52ECD700AA92A1 /* Debug */,
				011E60C12C52ECD700AA92A1 /* Release */,
			);
			defaultConfigurationIsVisible = 0;
			defaultConfigurationName = Release;
		};
/* End XCConfigurationList section */

/* Begin XCLocalSwiftPackageReference section */
		011E60D92C52F51000AA92A1 /* XCLocalSwiftPackageReference "../Calculator" */ = {
			isa = XCLocalSwiftPackageReference;
			relativePath = ../Calculator;
		};
/* End XCLocalSwiftPackageReference section */

/* Begin XCRemoteSwiftPackageReference section */
		5D98BB412C93D03700CA2F97 /* XCRemoteSwiftPackageReference "SnapKit" */ = {
			isa = XCRemoteSwiftPackageReference;
			repositoryURL = "https://github.com/SnapKit/SnapKit";
			requirement = {
				kind = upToNextMajorVersion;
				minimumVersion = 5.7.1;
			};
		};
/* End XCRemoteSwiftPackageReference section */

/* Begin XCSwiftPackageProductDependency section */
		011E60D22C52EF8C00AA92A1 /* DesignSystem */ = {
			isa = XCSwiftPackageProductDependency;
			productName = DesignSystem;
		};
		011E60D52C52EFA000AA92A1 /* UIComponents */ = {
			isa = XCSwiftPackageProductDependency;
			productName = UIComponents;
		};
		011E60DA2C52F51000AA92A1 /* Calculator */ = {
			isa = XCSwiftPackageProductDependency;
			productName = Calculator;
		};
		5D98BB422C93D03700CA2F97 /* SnapKit */ = {
			isa = XCSwiftPackageProductDependency;
			package = 5D98BB412C93D03700CA2F97 /* XCRemoteSwiftPackageReference "SnapKit" */;
			productName = SnapKit;
		};
		5D98BB442C93D03700CA2F97 /* SnapKit-Dynamic */ = {
			isa = XCSwiftPackageProductDependency;
			package = 5D98BB412C93D03700CA2F97 /* XCRemoteSwiftPackageReference "SnapKit" */;
			productName = "SnapKit-Dynamic";
		};
/* End XCSwiftPackageProductDependency section */
	};
	rootObject = 011E608D2C52ECD400AA92A1 /* Project object */;
}
